
Microsoft Visual Studio Solution File, Format Version 12.00
# Visual Studio Version 16
VisualStudioVersion = 16.0.29613.14
MinimumVisualStudioVersion = 10.0.40219.1
Project("{FAE04EC0-301F-11D3-BF4B-00C04F79EFBC}") = "GraphqlSample", "GraphqlSample\GraphqlSample.csproj", "{1EBB08DE-C344-4152-841A-FBA30B7E83FF}"
EndProject
Global
	GlobalSection(SolutionConfigurationPlatforms) = preSolution
		Debug|Any CPU = Debug|Any CPU
		Release|Any CPU = Release|Any CPU
	EndGlobalSection
	GlobalSection(ProjectConfigurationPlatforms) = postSolution
		{1EBB08DE-C344-4152-841A-FBA30B7E83FF}.Debug|Any CPU.ActiveCfg = Debug|Any CPU
		{1EBB08DE-C344-4152-841A-FBA30B7E83FF}.Debug|Any CPU.Build.0 = Debug|Any CPU
		{1EBB08DE-C344-4152-841A-FBA30B7E83FF}.Release|Any CPU.ActiveCfg = Release|Any CPU
		{1EBB08DE-C344-4152-841A-FBA30B7E83FF}.Release|Any CPU.Build.0 = Release|Any CPU
	EndGlobalSection
	GlobalSection(SolutionProperties) = preSolution
		HideSolutionNode = FALSE
	EndGlobalSection
	GlobalSection(ExtensibilityGlobals) = postSolution
		SolutionGuid = {722559B8-DFB9-4184-9F16-FB4C73646C24}
	EndGlobalSection
EndGlobal
